// !$*UTF8*$!
{
	archiveVersion = 1;
	classes = {
	};
	objectVersion = 46;
	objects = {

/* Begin PBXBuildFile section */
		653D1C6D18105ACA009E40DC /* UIKit.framework in Frameworks */ = {isa = PBXBuildFile; fileRef = 653D1C6C18105ACA009E40DC /* UIKit.framework */; };
		653D1C6F18105ACA009E40DC /* Foundation.framework in Frameworks */ = {isa = PBXBuildFile; fileRef = 653D1C6E18105ACA009E40DC /* Foundation.framework */; };
		653D1C7118105ACA009E40DC /* CoreGraphics.framework in Frameworks */ = {isa = PBXBuildFile; fileRef = 653D1C7018105ACA009E40DC /* CoreGraphics.framework */; };
		653D1C7718105ACA009E40DC /* InfoPlist.strings in Resources */ = {isa = PBXBuildFile; fileRef = 653D1C7518105ACA009E40DC /* InfoPlist.strings */; };
		653D1C7918105ACA009E40DC /* main.m in Sources */ = {isa = PBXBuildFile; fileRef = 653D1C7818105ACA009E40DC /* main.m */; };
		653D1C7D18105ACA009E40DC /* LSCAppDelegate.m in Sources */ = {isa = PBXBuildFile; fileRef = 653D1C7C18105ACA009E40DC /* LSCAppDelegate.m */; };
		653D1C7F18105ACA009E40DC /* Default.png in Resources */ = {isa = PBXBuildFile; fileRef = 653D1C7E18105ACA009E40DC /* Default.png */; };
		653D1C8118105ACA009E40DC /* Default@2x.png in Resources */ = {isa = PBXBuildFile; fileRef = 653D1C8018105ACA009E40DC /* Default@2x.png */; };
		653D1C8318105ACA009E40DC /* Default-568h@2x.png in Resources */ = {isa = PBXBuildFile; fileRef = 653D1C8218105ACA009E40DC /* Default-568h@2x.png */; };
		653D1C8618105ACA009E40DC /* MainStoryboard.storyboard in Resources */ = {isa = PBXBuildFile; fileRef = 653D1C8418105ACA009E40DC /* MainStoryboard.storyboard */; };
		653D1C8918105ACA009E40DC /* LSCViewController.m in Sources */ = {isa = PBXBuildFile; fileRef = 653D1C8818105ACA009E40DC /* LSCViewController.m */; };
		653D1C901810717D009E40DC /* placeholder.png in Resources */ = {isa = PBXBuildFile; fileRef = 653D1C8F1810717D009E40DC /* placeholder.png */; };
		653D1C9318107594009E40DC /* LSCTraktAPIClient.m in Sources */ = {isa = PBXBuildFile; fileRef = 653D1C9218107594009E40DC /* LSCTraktAPIClient.m */; };
		A0BE1486111547248D680E02 /* libPods.a in Frameworks */ = {isa = PBXBuildFile; fileRef = DC5B4BFBCC9D45A0B5169B4C /* libPods.a */; };
/* End PBXBuildFile section */

/* Begin PBXFileReference section */
		653D1C6918105ACA009E40DC /* PodsTest.app */ = {isa = PBXFileReference; explicitFileType = wrapper.application; includeInIndex = 0; path = PodsTest.app; sourceTree = BUILT_PRODUCTS_DIR; };
		653D1C6C18105ACA009E40DC /* UIKit.framework */ = {isa = PBXFileReference; lastKnownFileType = wrapper.framework; name = UIKit.framework; path = System/Library/Frameworks/UIKit.framework; sourceTree = SDKROOT; };
		653D1C6E18105ACA009E40DC /* Foundation.framework */ = {isa = PBXFileReference; lastKnownFileType = wrapper.framework; name = Foundation.framework; path = System/Library/Frameworks/Foundation.framework; sourceTree = SDKROOT; };
		653D1C7018105ACA009E40DC /* CoreGraphics.framework */ = {isa = PBXFileReference; lastKnownFileType = wrapper.framework; name = CoreGraphics.framework; path = System/Library/Frameworks/CoreGraphics.framework; sourceTree = SDKROOT; };
		653D1C7418105ACA009E40DC /* PodsTest-Info.plist */ = {isa = PBXFileReference; lastKnownFileType = text.plist.xml; path = "PodsTest-Info.plist"; sourceTree = "<group>"; };
		653D1C7618105ACA009E40DC /* en */ = {isa = PBXFileReference; lastKnownFileType = text.plist.strings; name = en; path = en.lproj/InfoPlist.strings; sourceTree = "<group>"; };
		653D1C7818105ACA009E40DC /* main.m */ = {isa = PBXFileReference; lastKnownFileType = sourcecode.c.objc; path = main.m; sourceTree = "<group>"; };
		653D1C7A18105ACA009E40DC /* PodsTest-Prefix.pch */ = {isa = PBXFileReference; lastKnownFileType = sourcecode.c.h; path = "PodsTest-Prefix.pch"; sourceTree = "<group>"; };
		653D1C7B18105ACA009E40DC /* LSCAppDelegate.h */ = {isa = PBXFileReference; lastKnownFileType = sourcecode.c.h; path = LSCAppDelegate.h; sourceTree = "<group>"; };
		653D1C7C18105ACA009E40DC /* LSCAppDelegate.m */ = {isa = PBXFileReference; lastKnownFileType = sourcecode.c.objc; path = LSCAppDelegate.m; sourceTree = "<group>"; };
		653D1C7E18105ACA009E40DC /* Default.png */ = {isa = PBXFileReference; lastKnownFileType = image.png; path = Default.png; sourceTree = "<group>"; };
		653D1C8018105ACA009E40DC /* Default@2x.png */ = {isa = PBXFileReference; lastKnownFileType = image.png; path = "Default@2x.png"; sourceTree = "<group>"; };
		653D1C8218105ACA009E40DC /* Default-568h@2x.png */ = {isa = PBXFileReference; lastKnownFileType = image.png; path = "Default-568h@2x.png"; sourceTree = "<group>"; };
		653D1C8518105ACA009E40DC /* en */ = {isa = PBXFileReference; lastKnownFileType = file.storyboard; name = en; path = en.lproj/MainStoryboard.storyboard; sourceTree = "<group>"; };
		653D1C8718105ACA009E40DC /* LSCViewController.h */ = {isa = PBXFileReference; lastKnownFileType = sourcecode.c.h; path = LSCViewController.h; sourceTree = "<group>"; };
		653D1C8818105ACA009E40DC /* LSCViewController.m */ = {isa = PBXFileReference; lastKnownFileType = sourcecode.c.objc; path = LSCViewController.m; sourceTree = "<group>"; };
		653D1C8F1810717D009E40DC /* placeholder.png */ = {isa = PBXFileReference; lastKnownFileType = image.png; path = placeholder.png; sourceTree = SOURCE_ROOT; };
		653D1C9118107594009E40DC /* LSCTraktAPIClient.h */ = {isa = PBXFileReference; fileEncoding = 4; lastKnownFileType = sourcecode.c.h; path = LSCTraktAPIClient.h; sourceTree = "<group>"; };
		653D1C9218107594009E40DC /* LSCTraktAPIClient.m */ = {isa = PBXFileReference; fileEncoding = 4; lastKnownFileType = sourcecode.c.objc; path = LSCTraktAPIClient.m; sourceTree = "<group>"; };
		B50E2CE43CD74365A211C1A0 /* Pods.xcconfig */ = {isa = PBXFileReference; includeInIndex = 1; lastKnownFileType = text.xcconfig; name = Pods.xcconfig; path = Pods/Pods.xcconfig; sourceTree = "<group>"; };
		DC5B4BFBCC9D45A0B5169B4C /* libPods.a */ = {isa = PBXFileReference; explicitFileType = archive.ar; includeInIndex = 0; path = libPods.a; sourceTree = BUILT_PRODUCTS_DIR; };
/* End PBXFileReference section */

/* Begin PBXFrameworksBuildPhase section */
		653D1C6618105ACA009E40DC /* Frameworks */ = {
			isa = PBXFrameworksBuildPhase;
			buildActionMask = 2147483647;
			files = (
				653D1C6D18105ACA009E40DC /* UIKit.framework in Frameworks */,
				653D1C6F18105ACA009E40DC /* Foundation.framework in Frameworks */,
				653D1C7118105ACA009E40DC /* CoreGraphics.framework in Frameworks */,
				A0BE1486111547248D680E02 /* libPods.a in Frameworks */,
			);
			runOnlyForDeploymentPostprocessing = 0;
		};
/* End PBXFrameworksBuildPhase section */

/* Begin PBXGroup section */
		653D1C6018105ACA009E40DC = {
			isa = PBXGroup;
			children = (
				653D1C7218105ACA009E40DC /* PodsTest */,
				653D1C6B18105ACA009E40DC /* Frameworks */,
				653D1C6A18105ACA009E40DC /* Products */,
				B50E2CE43CD74365A211C1A0 /* Pods.xcconfig */,
			);
			sourceTree = "<group>";
		};
		653D1C6A18105ACA009E40DC /* Products */ = {
			isa = PBXGroup;
			children = (
				653D1C6918105ACA009E40DC /* PodsTest.app */,
			);
			name = Products;
			sourceTree = "<group>";
		};
		653D1C6B18105ACA009E40DC /* Frameworks */ = {
			isa = PBXGroup;
			children = (
				653D1C6C18105ACA009E40DC /* UIKit.framework */,
				653D1C6E18105ACA009E40DC /* Foundation.framework */,
				653D1C7018105ACA009E40DC /* CoreGraphics.framework */,
				DC5B4BFBCC9D45A0B5169B4C /* libPods.a */,
			);
			name = Frameworks;
			sourceTree = "<group>";
		};
		653D1C7218105ACA009E40DC /* PodsTest */ = {
			isa = PBXGroup;
			children = (
				653D1C8F1810717D009E40DC /* placeholder.png */,
				653D1C7B18105ACA009E40DC /* LSCAppDelegate.h */,
				653D1C7C18105ACA009E40DC /* LSCAppDelegate.m */,
				653D1C8418105ACA009E40DC /* MainStoryboard.storyboard */,
				653D1C8718105ACA009E40DC /* LSCViewController.h */,
				653D1C8818105ACA009E40DC /* LSCViewController.m */,
				653D1C7318105ACA009E40DC /* Supporting Files */,
				653D1C9118107594009E40DC /* LSCTraktAPIClient.h */,
				653D1C9218107594009E40DC /* LSCTraktAPIClient.m */,
			);
			path = PodsTest;
			sourceTree = "<group>";
		};
		653D1C7318105ACA009E40DC /* Supporting Files */ = {
			isa = PBXGroup;
			children = (
				653D1C7418105ACA009E40DC /* PodsTest-Info.plist */,
				653D1C7518105ACA009E40DC /* InfoPlist.strings */,
				653D1C7818105ACA009E40DC /* main.m */,
				653D1C7A18105ACA009E40DC /* PodsTest-Prefix.pch */,
				653D1C7E18105ACA009E40DC /* Default.png */,
				653D1C8018105ACA009E40DC /* Default@2x.png */,
				653D1C8218105ACA009E40DC /* Default-568h@2x.png */,
			);
			name = "Supporting Files";
			sourceTree = "<group>";
		};
/* End PBXGroup section */

/* Begin PBXNativeTarget section */
		653D1C6818105ACA009E40DC /* PodsTest */ = {
			isa = PBXNativeTarget;
			buildConfigurationList = 653D1C8C18105ACA009E40DC /* Build configuration list for PBXNativeTarget "PodsTest" */;
			buildPhases = (
				B6607213405A457C99F1BDE7 /* Check Pods Manifest.lock */,
				653D1C6518105ACA009E40DC /* Sources */,
				653D1C6618105ACA009E40DC /* Frameworks */,
				653D1C6718105ACA009E40DC /* Resources */,
				E577370C95CD46F0B4854DC4 /* Copy Pods Resources */,
			);
			buildRules = (
			);
			dependencies = (
			);
			name = PodsTest;
			productName = PodsTest;
			productReference = 653D1C6918105ACA009E40DC /* PodsTest.app */;
			productType = "com.apple.product-type.application";
		};
/* End PBXNativeTarget section */

/* Begin PBXProject section */
		653D1C6118105ACA009E40DC /* Project object */ = {
			isa = PBXProject;
			attributes = {
				CLASSPREFIX = LSC;
				LastUpgradeCheck = 0460;
				ORGANIZATIONNAME = Lunescope;
			};
			buildConfigurationList = 653D1C6418105ACA009E40DC /* Build configuration list for PBXProject "PodsTest" */;
			compatibilityVersion = "Xcode 3.2";
			developmentRegion = English;
			hasScannedForEncodings = 0;
			knownRegions = (
				en,
			);
			mainGroup = 653D1C6018105ACA009E40DC;
			productRefGroup = 653D1C6A18105ACA009E40DC /* Products */;
			projectDirPath = "";
			projectRoot = "";
			targets = (
				653D1C6818105ACA009E40DC /* PodsTest */,
			);
		};
/* End PBXProject section */

/* Begin PBXResourcesBuildPhase section */
		653D1C6718105ACA009E40DC /* Resources */ = {
			isa = PBXResourcesBuildPhase;
			buildActionMask = 2147483647;
			files = (
				653D1C7718105ACA009E40DC /* InfoPlist.strings in Resources */,
				653D1C7F18105ACA009E40DC /* Default.png in Resources */,
				653D1C8118105ACA009E40DC /* Default@2x.png in Resources */,
				653D1C8318105ACA009E40DC /* Default-568h@2x.png in Resources */,
				653D1C8618105ACA009E40DC /* MainStoryboard.storyboard in Resources */,
				653D1C901810717D009E40DC /* placeholder.png in Resources */,
			);
			runOnlyForDeploymentPostprocessing = 0;
		};
/* End PBXResourcesBuildPhase section */

/* Begin PBXShellScriptBuildPhase section */
		B6607213405A457C99F1BDE7 /* Check Pods Manifest.lock */ = {
			isa = PBXShellScriptBuildPhase;
			buildActionMask = 2147483647;
			files = (
			);
			inputPaths = (
			);
			name = "Check Pods Manifest.lock";
			outputPaths = (
			);
			runOnlyForDeploymentPostprocessing = 0;
			shellPath = /bin/sh;
			shellScript = "diff \"${PODS_ROOT}/../Podfile.lock\" \"${PODS_ROOT}/Manifest.lock\" > /dev/null\nif [[ $? != 0 ]] ; then\n    cat << EOM\nerror: The sandbox is not in sync with the Podfile.lock. Run 'pod install' or update your CocoaPods installation.\nEOM\n    exit 1\nfi\n";
			showEnvVarsInLog = 0;
		};
		E577370C95CD46F0B4854DC4 /* Copy Pods Resources */ = {
			isa = PBXShellScriptBuildPhase;
			buildActionMask = 2147483647;
			files = (
			);
			inputPaths = (
			);
			name = "Copy Pods Resources";
			outputPaths = (
			);
			runOnlyForDeploymentPostprocessing = 0;
			shellPath = /bin/sh;
			shellScript = "\"${SRCROOT}/Pods/Pods-resources.sh\"\n";
			showEnvVarsInLog = 0;
		};
/* End PBXShellScriptBuildPhase section */

/* Begin PBXSourcesBuildPhase section */
		653D1C6518105ACA009E40DC /* Sources */ = {
			isa = PBXSourcesBuildPhase;
			buildActionMask = 2147483647;
			files = (
				653D1C7918105ACA009E40DC /* main.m in Sources */,
				653D1C7D18105ACA009E40DC /* LSCAppDelegate.m in Sources */,
				653D1C8918105ACA009E40DC /* LSCViewController.m in Sources */,
				653D1C9318107594009E40DC /* LSCTraktAPIClient.m in Sources */,
			);
			runOnlyForDeploymentPostprocessing = 0;
		};
/* End PBXSourcesBuildPhase section */

/* Begin PBXVariantGroup section */
		653D1C7518105ACA009E40DC /* InfoPlist.strings */ = {
			isa = PBXVariantGroup;
			children = (
				653D1C7618105ACA009E40DC /* en */,
			);
			name = InfoPlist.strings;
			sourceTree = "<group>";
		};
		653D1C8418105ACA009E40DC /* MainStoryboard.storyboard */ = {
			isa = PBXVariantGroup;
			children = (
				653D1C8518105ACA009E40DC /* en */,
			);
			name = MainStoryboard.storyboard;
			sourceTree = "<group>";
		};
/* End PBXVariantGroup section */

/* Begin XCBuildConfiguration section */
		653D1C8A18105ACA009E40DC /* Debug */ = {
			isa = XCBuildConfiguration;
			buildSettings = {
				ALWAYS_SEARCH_USER_PATHS = NO;
				CLANG_CXX_LANGUAGE_STANDARD = "gnu++0x";
				CLANG_CXX_LIBRARY = "libc++";
				CLANG_ENABLE_OBJC_ARC = YES;
				CLANG_WARN_CONSTANT_CONVERSION = YES;
				CLANG_WARN_EMPTY_BODY = YES;
				CLANG_WARN_ENUM_CONVERSION = YES;
				CLANG_WARN_INT_CONVERSION = YES;
				CLANG_WARN__DUPLICATE_METHOD_MATCH = YES;
				"CODE_SIGN_IDENTITY[sdk=iphoneos*]" = "iPhone Developer";
				COPY_PHASE_STRIP = NO;
				GCC_C_LANGUAGE_STANDARD = gnu99;
				GCC_DYNAMIC_NO_PIC = NO;
				GCC_OPTIMIZATION_LEVEL = 0;
				GCC_PREPROCESSOR_DEFINITIONS = (
					"DEBUG=1",
					"$(inherited)",
				);
				GCC_SYMBOLS_PRIVATE_EXTERN = NO;
				GCC_WARN_ABOUT_RETURN_TYPE = YES;
				GCC_WARN_UNINITIALIZED_AUTOS = YES;
				GCC_WARN_UNUSED_VARIABLE = YES;
				IPHONEOS_DEPLOYMENT_TARGET = 6.1;
				ONLY_ACTIVE_ARCH = YES;
				SDKROOT = iphoneos;
			};
			name = Debug;
		};
		653D1C8B18105ACA009E40DC /* Release */ = {
			isa = XCBuildConfiguration;
			buildSettings = {
				ALWAYS_SEARCH_USER_PATHS = NO;
				CLANG_CXX_LANGUAGE_STANDARD = "gnu++0x";
				CLANG_CXX_LIBRARY = "libc++";
				CLANG_ENABLE_OBJC_ARC = YES;
				CLANG_WARN_CONSTANT_CONVERSION = YES;
				CLANG_WARN_EMPTY_BODY = YES;
				CLANG_WARN_ENUM_CONVERSION = YES;
				CLANG_WARN_INT_CONVERSION = YES;
				CLANG_WARN__DUPLICATE_METHOD_MATCH = YES;
				"CODE_SIGN_IDENTITY[sdk=iphoneos*]" = "iPhone Developer";
				COPY_PHASE_STRIP = YES;
				GCC_C_LANGUAGE_STANDARD = gnu99;
				GCC_WARN_ABOUT_RETURN_TYPE = YES;
				GCC_WARN_UNINITIALIZED_AUTOS = YES;
				GCC_WARN_UNUSED_VARIABLE = YES;
				IPHONEOS_DEPLOYMENT_TARGET = 6.1;
				OTHER_CFLAGS = "-DNS_BLOCK_ASSERTIONS=1";
				SDKROOT = iphoneos;
				VALIDATE_PRODUCT = YES;
			};
			name = Release;
		};
		653D1C8D18105ACA009E40DC /* Debug */ = {
			isa = XCBuildConfiguration;
			baseConfigurationReference = B50E2CE43CD74365A211C1A0 /* Pods.xcconfig */;
			buildSettings = {
				GCC_PRECOMPILE_PREFIX_HEADER = YES;
				GCC_PREFIX_HEADER = "PodsTest/PodsTest-Prefix.pch";
				INFOPLIST_FILE = "PodsTest/PodsTest-Info.plist";
				PRODUCT_NAME = "$(TARGET_NAME)";
				WRAPPER_EXTENSION = app;
			};
			name = Debug;
		};
		653D1C8E18105ACA009E40DC /* Release */ = {
			isa = XCBuildConfiguration;
			baseConfigurationReference = B50E2CE43CD74365A211C1A0 /* Pods.xcconfig */;
			buildSettings = {
				GCC_PRECOMPILE_PREFIX_HEADER = YES;
				GCC_PREFIX_HEADER = "PodsTest/PodsTest-Prefix.pch";
				INFOPLIST_FILE = "PodsTest/PodsTest-Info.plist";
				PRODUCT_NAME = "$(TARGET_NAME)";
				WRAPPER_EXTENSION = app;
			};
			name = Release;
		};
/* End XCBuildConfiguration section */

/* Begin XCConfigurationList section */
		653D1C6418105ACA009E40DC /* Build configuration list for PBXProject "PodsTest" */ = {
			isa = XCConfigurationList;
			buildConfigurations = (
				653D1C8A18105ACA009E40DC /* Debug */,
				653D1C8B18105ACA009E40DC /* Release */,
			);
			defaultConfigurationIsVisible = 0;
			defaultConfigurationName = Release;
		};
		653D1C8C18105ACA009E40DC /* Build configuration list for PBXNativeTarget "PodsTest" */ = {
			isa = XCConfigurationList;
			buildConfigurations = (
				653D1C8D18105ACA009E40DC /* Debug */,
				653D1C8E18105ACA009E40DC /* Release */,
			);
			defaultConfigurationIsVisible = 0;
			defaultConfigurationName = Release;
		};
/* End XCConfigurationList section */
	};
	rootObject = 653D1C6118105ACA009E40DC /* Project object */;
}
